
Microsoft Visual Studio Solution File, Format Version 12.00
# Visual Studio Version 16
VisualStudioVersion = 16.0.31205.134
MinimumVisualStudioVersion = 10.0.40219.1
Project("{FAE04EC0-301F-11D3-BF4B-00C04F79EFBC}") = "LAPTRINHWEB", "LAPTRINHWEB.csproj", "{B473FA8A-844A-4AFF-A9CC-5EBEEB832011}"
EndProject
Global
	GlobalSection(SolutionConfigurationPlatforms) = preSolution
		Debug|Any CPU = Debug|Any CPU
		Release|Any CPU = Release|Any CPU
	EndGlobalSection
	GlobalSection(ProjectConfigurationPlatforms) = postSolution
		{B473FA8A-844A-4AFF-A9CC-5EBEEB832011}.Debug|Any CPU.ActiveCfg = Debug|Any CPU
		{B473FA8A-844A-4AFF-A9CC-5EBEEB832011}.Debug|Any CPU.Build.0 = Debug|Any CPU
		{B473FA8A-844A-4AFF-A9CC-5EBEEB832011}.Release|Any CPU.ActiveCfg = Release|Any CPU
		{B473FA8A-844A-4AFF-A9CC-5EBEEB832011}.Release|Any CPU.Build.0 = Release|Any CPU
	EndGlobalSection
	GlobalSection(SolutionProperties) = preSolution
		HideSolutionNode = FALSE
	EndGlobalSection
	GlobalSection(ExtensibilityGlobals) = postSolution
		SolutionGuid = {0B6ADEB9-85A1-4E80-8D9F-22171F963D82}
	EndGlobalSection
EndGlobal
